# This file is automatically @generated by Cargo.
# It is not intended for manual editing.
version = 3

[[package]]
name = "clatter"
version = "0.1.0"
source = "git+https://github.com/Ralith/clatter.git?rev=a79c88c7692ecbaf2a5b5024e76f11d192cf1c24#a79c88c7692ecbaf2a5b5024e76f11d192cf1c24"

[[package]]
name = "isosurface"
version = "0.1.0-alpha.0"
source = "git+https://github.com/swiftcoder/isosurface.git?tag=0.1.0-alpha.0#fbd338915aab742ce9ffb94fa4541b3ff7eb4dc2"

[[package]]
name = "simplex-isosurface-test"
version = "0.1.0"
dependencies = [
 "clatter",
 "isosurface",
]
